
Microsoft Visual Studio Solution File, Format Version 12.00
# Visual Studio Version 16
VisualStudioVersion = 16.0.30204.135
MinimumVisualStudioVersion = 10.0.40219.1
Project("{FAE04EC0-301F-11D3-BF4B-00C04F79EFBC}") = "FolderizerLib", "FolderizerLib\FolderizerLib.csproj", "{21438777-4DCA-42D4-A2A3-99BB2D60DE97}"
EndProject
Project("{FAE04EC0-301F-11D3-BF4B-00C04F79EFBC}") = "FolderizerLib.Tests", "FolderizerLib.Tests\FolderizerLib.Tests.csproj", "{8184273D-FD8F-40B4-9554-0F09DD1FD782}"
EndProject
Global
	GlobalSection(SolutionConfigurationPlatforms) = preSolution
		Debug|Any CPU = Debug|Any CPU
		Release|Any CPU = Release|Any CPU
	EndGlobalSection
	GlobalSection(ProjectConfigurationPlatforms) = postSolution
		{21438777-4DCA-42D4-A2A3-99BB2D60DE97}.Debug|Any CPU.ActiveCfg = Debug|Any CPU
		{21438777-4DCA-42D4-A2A3-99BB2D60DE97}.Debug|Any CPU.Build.0 = Debug|Any CPU
		{21438777-4DCA-42D4-A2A3-99BB2D60DE97}.Release|Any CPU.ActiveCfg = Release|Any CPU
		{21438777-4DCA-42D4-A2A3-99BB2D60DE97}.Release|Any CPU.Build.0 = Release|Any CPU
		{8184273D-FD8F-40B4-9554-0F09DD1FD782}.Debug|Any CPU.ActiveCfg = Debug|Any CPU
		{8184273D-FD8F-40B4-9554-0F09DD1FD782}.Debug|Any CPU.Build.0 = Debug|Any CPU
		{8184273D-FD8F-40B4-9554-0F09DD1FD782}.Release|Any CPU.ActiveCfg = Release|Any CPU
		{8184273D-FD8F-40B4-9554-0F09DD1FD782}.Release|Any CPU.Build.0 = Release|Any CPU
	EndGlobalSection
	GlobalSection(SolutionProperties) = preSolution
		HideSolutionNode = FALSE
	EndGlobalSection
	GlobalSection(ExtensibilityGlobals) = postSolution
		SolutionGuid = {A0404053-AEA4-4C9F-B751-5399BCF164C9}
	EndGlobalSection
EndGlobal
